Microsoft Visual Studio Solution File, Format Version 11.00
# Visual Studio 2008

Project("{4B32A84C-F948-1519-05AD-0547F748F49F}") = "Texas Holdem Poker vs AI", "Assembly-CSharp.csproj", "{50D6EE4C-54D5-B42B-EA99-C06BF20636B8}"
EndProject
Global
	GlobalSection(SolutionConfigurationPlatforms) = preSolution
		Debug|Any CPU = Debug|Any CPU
		Release|Any CPU = Release|Any CPU
	EndGlobalSection
	GlobalSection(ProjectConfigurationPlatforms) = postSolution
		{50D6EE4C-54D5-B42B-EA99-C06BF20636B8}.Debug|Any CPU.ActiveCfg = Debug|Any CPU
		{50D6EE4C-54D5-B42B-EA99-C06BF20636B8}.Debug|Any CPU.Build.0 = Debug|Any CPU
		{50D6EE4C-54D5-B42B-EA99-C06BF20636B8}.Release|Any CPU.ActiveCfg = Release|Any CPU
		{50D6EE4C-54D5-B42B-EA99-C06BF20636B8}.Release|Any CPU.Build.0 = Release|Any CPU
	EndGlobalSection
	GlobalSection(SolutionProperties) = preSolution
		HideSolutionNode = FALSE
	EndGlobalSection
	GlobalSection(MonoDevelopProperties) = preSolution
		StartupItem = Assembly-CSharp.csproj
	EndGlobalSection
EndGlobal
